
Microsoft Visual Studio Solution File, Format Version 12.00
# Visual Studio Version 17
VisualStudioVersion = 17.7.34221.43
MinimumVisualStudioVersion = 10.0.40219.1
Project("{FAE04EC0-301F-11D3-BF4B-00C04F79EFBC}") = "WpfApp1", "WpfApp1.csproj", "{EE14555A-7146-48FB-B152-DAB9477CE9C1}"
EndProject
Global
	GlobalSection(SolutionConfigurationPlatforms) = preSolution
		Debug|Any CPU = Debug|Any CPU
		Release|Any CPU = Release|Any CPU
	EndGlobalSection
	GlobalSection(ProjectConfigurationPlatforms) = postSolution
		{EE14555A-7146-48FB-B152-DAB9477CE9C1}.Debug|Any CPU.ActiveCfg = Debug|Any CPU
		{EE14555A-7146-48FB-B152-DAB9477CE9C1}.Debug|Any CPU.Build.0 = Debug|Any CPU
		{EE14555A-7146-48FB-B152-DAB9477CE9C1}.Release|Any CPU.ActiveCfg = Release|Any CPU
		{EE14555A-7146-48FB-B152-DAB9477CE9C1}.Release|Any CPU.Build.0 = Release|Any CPU
	EndGlobalSection
	GlobalSection(SolutionProperties) = preSolution
		HideSolutionNode = FALSE
	EndGlobalSection
	GlobalSection(ExtensibilityGlobals) = postSolution
		SolutionGuid = {8B977344-6FCB-4874-9977-B67EE9A4CF42}
	EndGlobalSection
EndGlobal
